{
  "version": "5",
  "redirects": {
    "https://deno.land/std/http/server.ts": "https://deno.land/std@0.224.0/http/server.ts",
    "https://deno.land/x/sqlite/mod.ts": "https://deno.land/x/sqlite@v3.9.1/mod.ts",
    "https://deno.land/x/telegram_bot_api/mod.ts": "https://deno.land/x/telegram_bot_api@0.4.0/mod.ts"
  },
  "remote": {
    "https://deno.land/std@0.224.0/async/delay.ts": "f90dd685b97c2f142b8069082993e437b1602b8e2561134827eeb7c12b95c499",
    "https://deno.land/std@0.224.0/http/server.ts": "f9313804bf6467a1704f45f76cb6cd0a3396a3b31c316035e6a4c2035d1ea514",
    "https://deno.land/x/sqlite@v3.9.1/build/sqlite.js": "2afc7875c7b9c85d89730c4a311ab3a304e5d1bf761fbadd8c07bbdf130f5f9b",
    "https://deno.land/x/sqlite@v3.9.1/build/vfs.js": "7f7778a9fe499cd10738d6e43867340b50b67d3e39142b0065acd51a84cd2e03",
    "https://deno.land/x/sqlite@v3.9.1/mod.ts": "e09fc79d8065fe222578114b109b1fd60077bff1bb75448532077f784f4d6a83",
    "https://deno.land/x/sqlite@v3.9.1/src/constants.ts": "90f3be047ec0a89bcb5d6fc30db121685fc82cb00b1c476124ff47a4b0472aa9",
    "https://deno.land/x/sqlite@v3.9.1/src/db.ts": "03d0c860957496eadedd86e51a6e650670764630e64f56df0092e86c90752401",
    "https://deno.land/x/sqlite@v3.9.1/src/error.ts": "f7a15cb00d7c3797da1aefee3cf86d23e0ae92e73f0ba3165496c3816ab9503a",
    "https://deno.land/x/sqlite@v3.9.1/src/function.ts": "bc778cab7a6d771f690afa27264c524d22fcb96f1bb61959ade7922c15a4ab8d",
    "https://deno.land/x/sqlite@v3.9.1/src/query.ts": "d58abda928f6582d77bad685ecf551b1be8a15e8e38403e293ec38522e030cad",
    "https://deno.land/x/sqlite@v3.9.1/src/wasm.ts": "e79d0baa6e42423257fb3c7cc98091c54399254867e0f34a09b5bdef37bd9487",
    "https://deno.land/x/telegram_bot_api@0.4.0/mod.ts": "18291c9e4f6b1be988b16554529f229cb709acc623083ffad24746b31a9426dd",
    "https://deno.land/x/telegram_bot_api@0.4.0/src/telegram-bot/run-params.ts": "d9084fa1c9390f3f72554e109973746261160cd7c5e75781f952c90299e7fba5",
    "https://deno.land/x/telegram_bot_api@0.4.0/src/telegram-bot/telegram-api.ts": "40567316b349e3999120638f108ad3be509d58eecf64aeed1d9f31c8624f239a",
    "https://deno.land/x/telegram_bot_api@0.4.0/src/telegram-bot/telegram-bot.ts": "6acb2bfef4aa668c9d4575dd6490ab933f6541116cce0b5d29c88c6b6441bf0f",
    "https://deno.land/x/telegram_bot_api@0.4.0/src/telegram-bot/utils.ts": "7846c7729bfa5eb4d7c73e7db85f00f8e9e12b5b729915ec7a4e53df8a40d8b2",
    "https://deno.land/x/telegram_bot_api@0.4.0/src/types/common/methods.ts": "501f6611a0bb925231f0855422aa5b3285382898ea83f571073a1769aff0c682",
    "https://deno.land/x/telegram_bot_api@0.4.0/src/types/common/objects.ts": "221d706845731820a8ba1150a34a9eecec83ee333c6034ba1a8a0ae60ab08a53",
    "https://deno.land/x/telegram_bot_api@0.4.0/src/types/games/methods.ts": "dadda90ed6e5038f935e659e63a34b887a92516d05d4b9c7abe977d7c8539454",
    "https://deno.land/x/telegram_bot_api@0.4.0/src/types/games/objects.ts": "0aa122dd6d6f31e4ab9cddf64006a57f144248abeef871b8686266e8429d0aec",
    "https://deno.land/x/telegram_bot_api@0.4.0/src/types/getting-updates/methods.ts": "7280f2f64bb8228842333c555702c37a2f156c7a8cde4719d72cf3ff706fc47a",
    "https://deno.land/x/telegram_bot_api@0.4.0/src/types/getting-updates/objects.ts": "bfe7fe9d44e2dff077c4d45ccdb8a81297da1bc43fff1b7f47386c87c6cfc0ff",
    "https://deno.land/x/telegram_bot_api@0.4.0/src/types/getting-updates/update-helpers.ts": "9b9098777853d3204432036bd4e3582fb7de5a1608da1350d184204e1b6da0fb",
    "https://deno.land/x/telegram_bot_api@0.4.0/src/types/inline-mode/methods.ts": "37a3ac02ac3bee90cbd140bf9983e0dde732e8558b75cc9d15146ad842d75c29",
    "https://deno.land/x/telegram_bot_api@0.4.0/src/types/inline-mode/objects.ts": "a009f9950e0416881ea96438290f1986d7e749a5ff819a59f148cbf33176e24b",
    "https://deno.land/x/telegram_bot_api@0.4.0/src/types/method.ts": "534c634a47ef9fc1938adb520edc0a1a8b0682eb31214b478e13fc733b03b2cb",
    "https://deno.land/x/telegram_bot_api@0.4.0/src/types/passport/methods.ts": "6b5d5350ca66faa3d31f6951b0a0c92d36b8769ae4cd0717a5208b55dc72adef",
    "https://deno.land/x/telegram_bot_api@0.4.0/src/types/passport/objects.ts": "e5a52273d0aef44241c2bcd949ce02952b491ba4730b361aaed3ac4260c1e81b",
    "https://deno.land/x/telegram_bot_api@0.4.0/src/types/payments/methods.ts": "da927afe1df2c1d7f94c63798fd2f5702abedc81f6060b1b8f7182ade2312878",
    "https://deno.land/x/telegram_bot_api@0.4.0/src/types/payments/objects.ts": "1662eded016088c152aaa86f6ebd034de05820c1e4a29ef9f2043b3b8f3903da",
    "https://deno.land/x/telegram_bot_api@0.4.0/src/types/stickers/methods.ts": "df0a90b774d7eb2a0e0c4f3393bc5748d28fe7ed5217a199f889c869b34922d7",
    "https://deno.land/x/telegram_bot_api@0.4.0/src/types/stickers/objects.ts": "4ab96a775a114d143b18ef1576d198e4e8d1067309cf6425e93f042d28ba52d4",
    "https://deno.land/x/telegram_bot_api@0.4.0/src/types/updating-messages/methods.ts": "7f1789b1d86b8f0b14cf36ebf04fd4f9eb5ed2054a98b4b53cee2cb384441b07",
    "https://deno.land/x/telegram_bot_api@0.4.0/src/types/utils.ts": "2fa0f1e44e45e21e4b160ee8a9d24e2c821796c6d2721a13a2b6378fa710a4e5",
    "https://deno.land/x/telegram_bot_api@0.4.0/src/updates-strategy/polling.ts": "c1cf7c81f7ab07ed27476acad13e5960395a16f0d9c29aa0939b71ffb139198b",
    "https://deno.land/x/telegram_bot_api@0.4.0/src/updates-strategy/updates-strategy.ts": "880e174bf9ac56d6893cb2a4e5935f98e56993598b7059ef07cbc481b456532d",
    "https://deno.land/x/telegram_bot_api@0.4.0/src/updates-strategy/webhook-server.ts": "12f627e63bc648aa1a9bb160aaac589519d7962f4b8f9420d7b7e6ca387e3fb1"
  },
  "workspace": {
    "packageJson": {
      "dependencies": [
        "npm:@ai-sdk/gateway@^3.0.66",
        "npm:@ai-sdk/openai@^3.0.47",
        "npm:@tailwindcss/postcss@4",
        "npm:@tavily/core@~0.6.4",
        "npm:@types/adm-zip@~0.5.8",
        "npm:@types/archiver@7",
        "npm:@types/bcryptjs@^2.4.6",
        "npm:@types/node@20",
        "npm:@types/react-dom@19",
        "npm:@types/react@19",
        "npm:adm-zip@~0.5.17",
        "npm:ai@^6.0.116",
        "npm:archiver@^7.0.1",
        "npm:bcryptjs@^3.0.3",
        "npm:drizzle-kit@~0.31.9",
        "npm:drizzle-orm@~0.45.1",
        "npm:eslint-config-next@16.1.6",
        "npm:eslint@9",
        "npm:lightningcss@^1.32.0",
        "npm:lucide-react@0.577",
        "npm:next-auth@^5.0.0-beta.30",
        "npm:next-themes@~0.4.6",
        "npm:next@16.1.6",
        "npm:pg-boss@^12.14.0",
        "npm:pgvector@~0.2.1",
        "npm:postgres@^3.4.8",
        "npm:react-dom@19.2.3",
        "npm:react-markdown@^10.1.0",
        "npm:react@19.2.3",
        "npm:rehype-raw@7",
        "npm:remark-gfm@^4.0.1",
        "npm:tailwindcss@4",
        "npm:tsx@^4.21.0",
        "npm:typescript@5",
        "npm:zod@^4.3.6"
      ]
    }
  }
}
